// !$*UTF8*$!
{
	archiveVersion = 1;
	classes = {
	};
	objectVersion = 51;
	objects = {

/* Begin PBXBuildFile section */
		888D5F990AF034A3C3B5404C /* Pods_Flix_App_Flix_AppUITests.framework in Frameworks */ = {isa = PBXBuildFile; fileRef = 05AF140A28B595782CB827AA /* Pods_Flix_App_Flix_AppUITests.framework */; };
		92BA545976B6F59CD5695A2E /* Pods_Flix_App.framework in Frameworks */ = {isa = PBXBuildFile; fileRef = AE8925685C1958517E31BDE5 /* Pods_Flix_App.framework */; };
		E58287D0DD760F13CD117E11 /* Pods_Flix_AppTests.framework in Frameworks */ = {isa = PBXBuildFile; fileRef = 63E79A72B6B41E7785F367DB /* Pods_Flix_AppTests.framework */; };
		E85C3B9C250AA808002C3CA7 /* MovieDetailViewController.swift in Sources */ = {isa = PBXBuildFile; fileRef = E85C3B9B250AA808002C3CA7 /* MovieDetailViewController.swift */; };
		E85C3B9E250AD40E002C3CA7 /* MovieGridViewController.swift in Sources */ = {isa = PBXBuildFile; fileRef = E85C3B9D250AD40E002C3CA7 /* MovieGridViewController.swift */; };
		E85C3BA0250AD5FA002C3CA7 /* MovieGridCell.swift in Sources */ = {isa = PBXBuildFile; fileRef = E85C3B9F250AD5FA002C3CA7 /* MovieGridCell.swift */; };
		E8C22B552501912B00C8E677 /* AppDelegate.swift in Sources */ = {isa = PBXBuildFile; fileRef = E8C22B542501912B00C8E677 /* AppDelegate.swift */; };
		E8C22B572501912B00C8E677 /* SceneDelegate.swift in Sources */ = {isa = PBXBuildFile; fileRef = E8C22B562501912B00C8E677 /* SceneDelegate.swift */; };
		E8C22B592501912B00C8E677 /* ViewController.swift in Sources */ = {isa = PBXBuildFile; fileRef = E8C22B582501912B00C8E677 /* ViewController.swift */; };
		E8C22B5C2501912B00C8E677 /* Main.storyboard in Resources */ = {isa = PBXBuildFile; fileRef = E8C22B5A2501912B00C8E677 /* Main.storyboard */; };
		E8C22B5E2501912D00C8E677 /* Assets.xcassets in Resources */ = {isa = PBXBuildFile; fileRef = E8C22B5D2501912D00C8E677 /* Assets.xcassets */; };
		E8C22B612501912D00C8E677 /* LaunchScreen.storyboard in Resources */ = {isa = PBXBuildFile; fileRef = E8C22B5F2501912D00C8E677 /* LaunchScreen.storyboard */; };
		E8C22B6C2501912D00C8E677 /* Flix_AppTests.swift in Sources */ = {isa = PBXBuildFile; fileRef = E8C22B6B2501912D00C8E677 /* Flix_AppTests.swift */; };
		E8C22B772501912D00C8E677 /* Flix_AppUITests.swift in Sources */ = {isa = PBXBuildFile; fileRef = E8C22B762501912D00C8E677 /* Flix_AppUITests.swift */; };
		E8C22B872501AE2B00C8E677 /* MovieCell.swift in Sources */ = {isa = PBXBuildFile; fileRef = E8C22B862501AE2B00C8E677 /* MovieCell.swift */; };
/* End PBXBuildFile section */

/* Begin PBXContainerItemProxy section */
		E8C22B682501912D00C8E677 /* PBXContainerItemProxy */ = {
			isa = PBXContainerItemProxy;
			containerPortal = E8C22B492501912B00C8E677 /* Project object */;
			proxyType = 1;
			remoteGlobalIDString = E8C22B502501912B00C8E677;
			remoteInfo = "Flix App";
		};
		E8C22B732501912D00C8E677 /* PBXContainerItemProxy */ = {
			isa = PBXContainerItemProxy;
			containerPortal = E8C22B492501912B00C8E677 /* Project object */;
			proxyType = 1;
			remoteGlobalIDString = E8C22B502501912B00C8E677;
			remoteInfo = "Flix App";
		};
/* End PBXContainerItemProxy section */

/* Begin PBXFileReference section */
		05AF140A28B595782CB827AA /* Pods_Flix_App_Flix_AppUITests.framework */ = {isa = PBXFileReference; explicitFileType = wrapper.framework; includeInIndex = 0; path = Pods_Flix_App_Flix_AppUITests.framework; sourceTree = BUILT_PRODUCTS_DIR; };
		4FC51785C74776879891D5FE /* Pods-Flix App.release.xcconfig */ = {isa = PBXFileReference; includeInIndex = 1; lastKnownFileType = text.xcconfig; name = "Pods-Flix App.release.xcconfig"; path = "Target Support Files/Pods-Flix App/Pods-Flix App.release.xcconfig"; sourceTree = "<group>"; };
		63E79A72B6B41E7785F367DB /* Pods_Flix_AppTests.framework */ = {isa = PBXFileReference; explicitFileType = wrapper.framework; includeInIndex = 0; path = Pods_Flix_AppTests.framework; sourceTree = BUILT_PRODUCTS_DIR; };
		8F5BCD63D88B2E4C49938ED7 /* Pods-Flix App.debug.xcconfig */ = {isa = PBXFileReference; includeInIndex = 1; lastKnownFileType = text.xcconfig; name = "Pods-Flix App.debug.xcconfig"; path = "Target Support Files/Pods-Flix App/Pods-Flix App.debug.xcconfig"; sourceTree = "<group>"; };
		A51D1D74096A6A932EBC3B79 /* Pods-Flix AppTests.release.xcconfig */ = {isa = PBXFileReference; includeInIndex = 1; lastKnownFileType = text.xcconfig; name = "Pods-Flix AppTests.release.xcconfig"; path = "Target Support Files/Pods-Flix AppTests/Pods-Flix AppTests.release.xcconfig"; sourceTree = "<group>"; };
		AE8925685C1958517E31BDE5 /* Pods_Flix_App.framework */ = {isa = PBXFileReference; explicitFileType = wrapper.framework; includeInIndex = 0; path = Pods_Flix_App.framework; sourceTree = BUILT_PRODUCTS_DIR; };
		DF83263C56C50EBE8BF297DC /* Pods-Flix AppTests.debug.xcconfig */ = {isa = PBXFileReference; includeInIndex = 1; lastKnownFileType = text.xcconfig; name = "Pods-Flix AppTests.debug.xcconfig"; path = "Target Support Files/Pods-Flix AppTests/Pods-Flix AppTests.debug.xcconfig"; sourceTree = "<group>"; };
		E075F58340785EE9700114E3 /* Pods-Flix App-Flix AppUITests.debug.xcconfig */ = {isa = PBXFileReference; includeInIndex = 1; lastKnownFileType = text.xcconfig; name = "Pods-Flix App-Flix AppUITests.debug.xcconfig"; path = "Target Support Files/Pods-Flix App-Flix AppUITests/Pods-Flix App-Flix AppUITests.debug.xcconfig"; sourceTree = "<group>"; };
		E461E5EB7D2F6C07B21EA0BF /* Pods-Flix App-Flix AppUITests.release.xcconfig */ = {isa = PBXFileReference; includeInIndex = 1; lastKnownFileType = text.xcconfig; name = "Pods-Flix App-Flix AppUITests.release.xcconfig"; path = "Target Support Files/Pods-Flix App-Flix AppUITests/Pods-Flix App-Flix AppUITests.release.xcconfig"; sourceTree = "<group>"; };
		E85C3B9B250AA808002C3CA7 /* MovieDetailViewController.swift */ = {isa = PBXFileReference; lastKnownFileType = sourcecode.swift; path = MovieDetailViewController.swift; sourceTree = "<group>"; };
		E85C3B9D250AD40E002C3CA7 /* MovieGridViewController.swift */ = {isa = PBXFileReference; lastKnownFileType = sourcecode.swift; path = MovieGridViewController.swift; sourceTree = "<group>"; };
		E85C3B9F250AD5FA002C3CA7 /* MovieGridCell.swift */ = {isa = PBXFileReference; lastKnownFileType = sourcecode.swift; path = MovieGridCell.swift; sourceTree = "<group>"; };
		E8C22B512501912B00C8E677 /* Flix App.app */ = {isa = PBXFileReference; explicitFileType = wrapper.application; includeInIndex = 0; path = "Flix App.app"; sourceTree = BUILT_PRODUCTS_DIR; };
		E8C22B542501912B00C8E677 /* AppDelegate.swift */ = {isa = PBXFileReference; lastKnownFileType = sourcecode.swift; path = AppDelegate.swift; sourceTree = "<group>"; };
		E8C22B562501912B00C8E677 /* SceneDelegate.swift */ = {isa = PBXFileReference; lastKnownFileType = sourcecode.swift; path = SceneDelegate.swift; sourceTree = "<group>"; };
		E8C22B582501912B00C8E677 /* ViewController.swift */ = {isa = PBXFileReference; lastKnownFileType = sourcecode.swift; path = ViewController.swift; sourceTree = "<group>"; };
		E8C22B5B2501912B00C8E677 /* Base */ = {isa = PBXFileReference; lastKnownFileType = file.storyboard; name = Base; path = Base.lproj/Main.storyboard; sourceTree = "<group>"; };
		E8C22B5D2501912D00C8E677 /* Assets.xcassets */ = {isa = PBXFileReference; lastKnownFileType = folder.assetcatalog; path = Assets.xcassets; sourceTree = "<group>"; };
		E8C22B602501912D00C8E677 /* Base */ = {isa = PBXFileReference; lastKnownFileType = file.storyboard; name = Base; path = Base.lproj/LaunchScreen.storyboard; sourceTree = "<group>"; };
		E8C22B622501912D00C8E677 /* Info.plist */ = {isa = PBXFileReference; lastKnownFileType = text.plist.xml; path = Info.plist; sourceTree = "<group>"; };
		E8C22B672501912D00C8E677 /* Flix AppTests.xctest */ = {isa = PBXFileReference; explicitFileType = wrapper.cfbundle; includeInIndex = 0; path = "Flix AppTests.xctest"; sourceTree = BUILT_PRODUCTS_DIR; };
		E8C22B6B2501912D00C8E677 /* Flix_AppTests.swift */ = {isa = PBXFileReference; lastKnownFileType = sourcecode.swift; path = Flix_AppTests.swift; sourceTree = "<group>"; };
		E8C22B6D2501912D00C8E677 /* Info.plist */ = {isa = PBXFileReference; lastKnownFileType = text.plist.xml; path = Info.plist; sourceTree = "<group>"; };
		E8C22B722501912D00C8E677 /* Flix AppUITests.xctest */ = {isa = PBXFileReference; explicitFileType = wrapper.cfbundle; includeInIndex = 0; path = "Flix AppUITests.xctest"; sourceTree = BUILT_PRODUCTS_DIR; };
		E8C22B762501912D00C8E677 /* Flix_AppUITests.swift */ = {isa = PBXFileReference; lastKnownFileType = sourcecode.swift; path = Flix_AppUITests.swift; sourceTree = "<group>"; };
		E8C22B782501912D00C8E677 /* Info.plist */ = {isa = PBXFileReference; lastKnownFileType = text.plist.xml; path = Info.plist; sourceTree = "<group>"; };
		E8C22B862501AE2B00C8E677 /* MovieCell.swift */ = {isa = PBXFileReference; lastKnownFileType = sourcecode.swift; path = MovieCell.swift; sourceTree = "<group>"; };
/* End PBXFileReference section */

/* Begin PBXFrameworksBuildPhase section */
		E8C22B4E2501912B00C8E677 /* Frameworks */ = {
			isa = PBXFrameworksBuildPhase;
			buildActionMask = 2147483647;
			files = (
				92BA545976B6F59CD5695A2E /* Pods_Flix_App.framework in Frameworks */,
			);
			runOnlyForDeploymentPostprocessing = 0;
		};
		E8C22B642501912D00C8E677 /* Frameworks */ = {
			isa = PBXFrameworksBuildPhase;
			buildActionMask = 2147483647;
			files = (
				E58287D0DD760F13CD117E11 /* Pods_Flix_AppTests.framework in Frameworks */,
			);
			runOnlyForDeploymentPostprocessing = 0;
		};
		E8C22B6F2501912D00C8E677 /* Frameworks */ = {
			isa = PBXFrameworksBuildPhase;
			buildActionMask = 2147483647;
			files = (
				888D5F990AF034A3C3B5404C /* Pods_Flix_App_Flix_AppUITests.framework in Frameworks */,
			);
			runOnlyForDeploymentPostprocessing = 0;
		};
/* End PBXFrameworksBuildPhase section */

/* Begin PBXGroup section */
		4B583CEF6056738F4A83C1F0 /* Pods */ = {
			isa = PBXGroup;
			children = (
				8F5BCD63D88B2E4C49938ED7 /* Pods-Flix App.debug.xcconfig */,
				4FC51785C74776879891D5FE /* Pods-Flix App.release.xcconfig */,
				E075F58340785EE9700114E3 /* Pods-Flix App-Flix AppUITests.debug.xcconfig */,
				E461E5EB7D2F6C07B21EA0BF /* Pods-Flix App-Flix AppUITests.release.xcconfig */,
				DF83263C56C50EBE8BF297DC /* Pods-Flix AppTests.debug.xcconfig */,
				A51D1D74096A6A932EBC3B79 /* Pods-Flix AppTests.release.xcconfig */,
			);
			path = Pods;
			sourceTree = "<group>";
		};
		9E8D9A92D9FC4D392DB83455 /* Frameworks */ = {
			isa = PBXGroup;
			children = (
				AE8925685C1958517E31BDE5 /* Pods_Flix_App.framework */,
				05AF140A28B595782CB827AA /* Pods_Flix_App_Flix_AppUITests.framework */,
				63E79A72B6B41E7785F367DB /* Pods_Flix_AppTests.framework */,
			);
			name = Frameworks;
			sourceTree = "<group>";
		};
		E8C22B482501912B00C8E677 = {
			isa = PBXGroup;
			children = (
				E8C22B532501912B00C8E677 /* Flix App */,
				E8C22B6A2501912D00C8E677 /* Flix AppTests */,
				E8C22B752501912D00C8E677 /* Flix AppUITests */,
				E8C22B522501912B00C8E677 /* Products */,
				4B583CEF6056738F4A83C1F0 /* Pods */,
				9E8D9A92D9FC4D392DB83455 /* Frameworks */,
			);
			sourceTree = "<group>";
		};
		E8C22B522501912B00C8E677 /* Products */ = {
			isa = PBXGroup;
			children = (
				E8C22B512501912B00C8E677 /* Flix App.app */,
				E8C22B672501912D00C8E677 /* Flix AppTests.xctest */,
				E8C22B722501912D00C8E677 /* Flix AppUITests.xctest */,
			);
			name = Products;
			sourceTree = "<group>";
		};
		E8C22B532501912B00C8E677 /* Flix App */ = {
			isa = PBXGroup;
			children = (
				E8C22B542501912B00C8E677 /* AppDelegate.swift */,
				E8C22B562501912B00C8E677 /* SceneDelegate.swift */,
				E8C22B582501912B00C8E677 /* ViewController.swift */,
				E85C3B9B250AA808002C3CA7 /* MovieDetailViewController.swift */,
				E85C3B9D250AD40E002C3CA7 /* MovieGridViewController.swift */,
				E85C3B9F250AD5FA002C3CA7 /* MovieGridCell.swift */,
				E8C22B5A2501912B00C8E677 /* Main.storyboard */,
				E8C22B862501AE2B00C8E677 /* MovieCell.swift */,
				E8C22B5D2501912D00C8E677 /* Assets.xcassets */,
				E8C22B5F2501912D00C8E677 /* LaunchScreen.storyboard */,
				E8C22B622501912D00C8E677 /* Info.plist */,
			);
			path = "Flix App";
			sourceTree = "<group>";
		};
		E8C22B6A2501912D00C8E677 /* Flix AppTests */ = {
			isa = PBXGroup;
			children = (
				E8C22B6B2501912D00C8E677 /* Flix_AppTests.swift */,
				E8C22B6D2501912D00C8E677 /* Info.plist */,
			);
			path = "Flix AppTests";
			sourceTree = "<group>";
		};
		E8C22B752501912D00C8E677 /* Flix AppUITests */ = {
			isa = PBXGroup;
			children = (
				E8C22B762501912D00C8E677 /* Flix_AppUITests.swift */,
				E8C22B782501912D00C8E677 /* Info.plist */,
			);
			path = "Flix AppUITests";
			sourceTree = "<group>";
		};
/* End PBXGroup section */

/* Begin PBXNativeTarget section */
		E8C22B502501912B00C8E677 /* Flix App */ = {
			isa = PBXNativeTarget;
			buildConfigurationList = E8C22B7B2501912D00C8E677 /* Build configuration list for PBXNativeTarget "Flix App" */;
			buildPhases = (
				99E524E67DAE6885737AC758 /* [CP] Check Pods Manifest.lock */,
				E8C22B4D2501912B00C8E677 /* Sources */,
				E8C22B4E2501912B00C8E677 /* Frameworks */,
				E8C22B4F2501912B00C8E677 /* Resources */,
				792CF7689C45C78A1C54F3E7 /* [CP] Embed Pods Frameworks */,
			);
			buildRules = (
			);
			dependencies = (
			);
			name = "Flix App";
			productName = "Flix App";
			productReference = E8C22B512501912B00C8E677 /* Flix App.app */;
			productType = "com.apple.product-type.application";
		};
		E8C22B662501912D00C8E677 /* Flix AppTests */ = {
			isa = PBXNativeTarget;
			buildConfigurationList = E8C22B7E2501912D00C8E677 /* Build configuration list for PBXNativeTarget "Flix AppTests" */;
			buildPhases = (
				340953DB07A3121A6451394C /* [CP] Check Pods Manifest.lock */,
				E8C22B632501912D00C8E677 /* Sources */,
				E8C22B642501912D00C8E677 /* Frameworks */,
				E8C22B652501912D00C8E677 /* Resources */,
			);
			buildRules = (
			);
			dependencies = (
				E8C22B692501912D00C8E677 /* PBXTargetDependency */,
			);
			name = "Flix AppTests";
			productName = "Flix AppTests";
			productReference = E8C22B672501912D00C8E677 /* Flix AppTests.xctest */;
			productType = "com.apple.product-type.bundle.unit-test";
		};
		E8C22B712501912D00C8E677 /* Flix AppUITests */ = {
			isa = PBXNativeTarget;
			buildConfigurationList = E8C22B812501912D00C8E677 /* Build configuration list for PBXNativeTarget "Flix AppUITests" */;
			buildPhases = (
				AB10946B499B4E0E680D8C48 /* [CP] Check Pods Manifest.lock */,
				E8C22B6E2501912D00C8E677 /* Sources */,
				E8C22B6F2501912D00C8E677 /* Frameworks */,
				E8C22B702501912D00C8E677 /* Resources */,
				0CAB7EE5427D1568117D85D5 /* [CP] Embed Pods Frameworks */,
			);
			buildRules = (
			);
			dependencies = (
				E8C22B742501912D00C8E677 /* PBXTargetDependency */,
			);
			name = "Flix AppUITests";
			productName = "Flix AppUITests";
			productReference = E8C22B722501912D00C8E677 /* Flix AppUITests.xctest */;
			productType = "com.apple.product-type.bundle.ui-testing";
		};
/* End PBXNativeTarget section */

/* Begin PBXProject section */
		E8C22B492501912B00C8E677 /* Project object */ = {
			isa = PBXProject;
			attributes = {
				LastSwiftUpdateCheck = 1150;
				LastUpgradeCheck = 1150;
				ORGANIZATIONNAME = "Tanay Agrawwal";
				TargetAttributes = {
					E8C22B502501912B00C8E677 = {
						CreatedOnToolsVersion = 11.5;
					};
					E8C22B662501912D00C8E677 = {
						CreatedOnToolsVersion = 11.5;
						TestTargetID = E8C22B502501912B00C8E677;
					};
					E8C22B712501912D00C8E677 = {
						CreatedOnToolsVersion = 11.5;
						TestTargetID = E8C22B502501912B00C8E677;
					};
				};
			};
			buildConfigurationList = E8C22B4C2501912B00C8E677 /* Build configuration list for PBXProject "Flix App" */;
			compatibilityVersion = "Xcode 9.3";
			developmentRegion = en;
			hasScannedForEncodings = 0;
			knownRegions = (
				en,
				Base,
			);
			mainGroup = E8C22B482501912B00C8E677;
			productRefGroup = E8C22B522501912B00C8E677 /* Products */;
			projectDirPath = "";
			projectRoot = "";
			targets = (
				E8C22B502501912B00C8E677 /* Flix App */,
				E8C22B662501912D00C8E677 /* Flix AppTests */,
				E8C22B712501912D00C8E677 /* Flix AppUITests */,
			);
		};
/* End PBXProject section */

/* Begin PBXResourcesBuildPhase section */
		E8C22B4F2501912B00C8E677 /* Resources */ = {
			isa = PBXResourcesBuildPhase;
			buildActionMask = 2147483647;
			files = (
				E8C22B612501912D00C8E677 /* LaunchScreen.storyboard in Resources */,
				E8C22B5E2501912D00C8E677 /* Assets.xcassets in Resources */,
				E8C22B5C2501912B00C8E677 /* Main.storyboard in Resources */,
			);
			runOnlyForDeploymentPostprocessing = 0;
		};
		E8C22B652501912D00C8E677 /* Resources */ = {
			isa = PBXResourcesBuildPhase;
			buildActionMask = 2147483647;
			files = (
			);
			runOnlyForDeploymentPostprocessing = 0;
		};
		E8C22B702501912D00C8E677 /* Resources */ = {
			isa = PBXResourcesBuildPhase;
			buildActionMask = 2147483647;
			files = (
			);
			runOnlyForDeploymentPostprocessing = 0;
		};
/* End PBXResourcesBuildPhase section */

/* Begin PBXShellScriptBuildPhase section */
		0CAB7EE5427D1568117D85D5 /* [CP] Embed Pods Frameworks */ = {
			isa = PBXShellScriptBuildPhase;
			buildActionMask = 2147483647;
			files = (
			);
			inputFileListPaths = (
				"${PODS_ROOT}/Target Support Files/Pods-Flix App-Flix AppUITests/Pods-Flix App-Flix AppUITests-frameworks-${CONFIGURATION}-input-files.xcfilelist",
			);
			name = "[CP] Embed Pods Frameworks";
			outputFileListPaths = (
				"${PODS_ROOT}/Target Support Files/Pods-Flix App-Flix AppUITests/Pods-Flix App-Flix AppUITests-frameworks-${CONFIGURATION}-output-files.xcfilelist",
			);
			runOnlyForDeploymentPostprocessing = 0;
			shellPath = /bin/sh;
			shellScript = "\"${PODS_ROOT}/Target Support Files/Pods-Flix App-Flix AppUITests/Pods-Flix App-Flix AppUITests-frameworks.sh\"\n";
			showEnvVarsInLog = 0;
		};
		340953DB07A3121A6451394C /* [CP] Check Pods Manifest.lock */ = {
			isa = PBXShellScriptBuildPhase;
			buildActionMask = 2147483647;
			files = (
			);
			inputFileListPaths = (
			);
			inputPaths = (
				"${PODS_PODFILE_DIR_PATH}/Podfile.lock",
				"${PODS_ROOT}/Manifest.lock",
			);
			name = "[CP] Check Pods Manifest.lock";
			outputFileListPaths = (
			);
			outputPaths = (
				"$(DERIVED_FILE_DIR)/Pods-Flix AppTests-checkManifestLockResult.txt",
			);
			runOnlyForDeploymentPostprocessing = 0;
			shellPath = /bin/sh;
			shellScript = "diff \"${PODS_PODFILE_DIR_PATH}/Podfile.lock\" \"${PODS_ROOT}/Manifest.lock\" > /dev/null\nif [ $? != 0 ] ; then\n    # print error to STDERR\n    echo \"error: The sandbox is not in sync with the Podfile.lock. Run 'pod install' or update your CocoaPods installation.\" >&2\n    exit 1\nfi\n# This output is used by Xcode 'outputs' to avoid re-running this script phase.\necho \"SUCCESS\" > \"${SCRIPT_OUTPUT_FILE_0}\"\n";
			showEnvVarsInLog = 0;
		};
		792CF7689C45C78A1C54F3E7 /* [CP] Embed Pods Frameworks */ = {
			isa = PBXShellScriptBuildPhase;
			buildActionMask = 2147483647;
			files = (
			);
			inputFileListPaths = (
				"${PODS_ROOT}/Target Support Files/Pods-Flix App/Pods-Flix App-frameworks-${CONFIGURATION}-input-files.xcfilelist",
			);
			name = "[CP] Embed Pods Frameworks";
			outputFileListPaths = (
				"${PODS_ROOT}/Target Support Files/Pods-Flix App/Pods-Flix App-frameworks-${CONFIGURATION}-output-files.xcfilelist",
			);
			runOnlyForDeploymentPostprocessing = 0;
			shellPath = /bin/sh;
			shellScript = "\"${PODS_ROOT}/Target Support Files/Pods-Flix App/Pods-Flix App-frameworks.sh\"\n";
			showEnvVarsInLog = 0;
		};
		99E524E67DAE6885737AC758 /* [CP] Check Pods Manifest.lock */ = {
			isa = PBXShellScriptBuildPhase;
			buildActionMask = 2147483647;
			files = (
			);
			inputFileListPaths = (
			);
			inputPaths = (
				"${PODS_PODFILE_DIR_PATH}/Podfile.lock",
				"${PODS_ROOT}/Manifest.lock",
			);
			name = "[CP] Check Pods Manifest.lock";
			outputFileListPaths = (
			);
			outputPaths = (
				"$(DERIVED_FILE_DIR)/Pods-Flix App-checkManifestLockResult.txt",
			);
			runOnlyForDeploymentPostprocessing = 0;
			shellPath = /bin/sh;
			shellScript = "diff \"${PODS_PODFILE_DIR_PATH}/Podfile.lock\" \"${PODS_ROOT}/Manifest.lock\" > /dev/null\nif [ $? != 0 ] ; then\n    # print error to STDERR\n    echo \"error: The sandbox is not in sync with the Podfile.lock. Run 'pod install' or update your CocoaPods installation.\" >&2\n    exit 1\nfi\n# This output is used by Xcode 'outputs' to avoid re-running this script phase.\necho \"SUCCESS\" > \"${SCRIPT_OUTPUT_FILE_0}\"\n";
			showEnvVarsInLog = 0;
		};
		AB10946B499B4E0E680D8C48 /* [CP] Check Pods Manifest.lock */ = {
			isa = PBXShellScriptBuildPhase;
			buildActionMask = 2147483647;
			files = (
			);
			inputFileListPaths = (
			);
			inputPaths = (
				"${PODS_PODFILE_DIR_PATH}/Podfile.lock",
				"${PODS_ROOT}/Manifest.lock",
			);
			name = "[CP] Check Pods Manifest.lock";
			outputFileListPaths = (
			);
			outputPaths = (
				"$(DERIVED_FILE_DIR)/Pods-Flix App-Flix AppUITests-checkManifestLockResult.txt",
			);
			runOnlyForDeploymentPostprocessing = 0;
			shellPath = /bin/sh;
			shellScript = "diff \"${PODS_PODFILE_DIR_PATH}/Podfile.lock\" \"${PODS_ROOT}/Manifest.lock\" > /dev/null\nif [ $? != 0 ] ; then\n    # print error to STDERR\n    echo \"error: The sandbox is not in sync with the Podfile.lock. Run 'pod install' or update your CocoaPods installation.\" >&2\n    exit 1\nfi\n# This output is used by Xcode 'outputs' to avoid re-running this script phase.\necho \"SUCCESS\" > \"${SCRIPT_OUTPUT_FILE_0}\"\n";
			showEnvVarsInLog = 0;
		};
/* End PBXShellScriptBuildPhase section */

/* Begin PBXSourcesBuildPhase section */
		E8C22B4D2501912B00C8E677 /* Sources */ = {
			isa = PBXSourcesBuildPhase;
			buildActionMask = 2147483647;
			files = (
				E8C22B592501912B00C8E677 /* ViewController.swift in Sources */,
				E85C3B9C250AA808002C3CA7 /* MovieDetailViewController.swift in Sources */,
				E8C22B552501912B00C8E677 /* AppDelegate.swift in Sources */,
				E8C22B872501AE2B00C8E677 /* MovieCell.swift in Sources */,
				E8C22B572501912B00C8E677 /* SceneDelegate.swift in Sources */,
				E85C3B9E250AD40E002C3CA7 /* MovieGridViewController.swift in Sources */,
				E85C3BA0250AD5FA002C3CA7 /* MovieGridCell.swift in Sources */,
			);
			runOnlyForDeploymentPostprocessing = 0;
		};
		E8C22B632501912D00C8E677 /* Sources */ = {
			isa = PBXSourcesBuildPhase;
			buildActionMask = 2147483647;
			files = (
				E8C22B6C2501912D00C8E677 /* Flix_AppTests.swift in Sources */,
			);
			runOnlyForDeploymentPostprocessing = 0;
		};
		E8C22B6E2501912D00C8E677 /* Sources */ = {
			isa = PBXSourcesBuildPhase;
			buildActionMask = 2147483647;
			files = (
				E8C22B772501912D00C8E677 /* Flix_AppUITests.swift in Sources */,
			);
			runOnlyForDeploymentPostprocessing = 0;
		};
/* End PBXSourcesBuildPhase section */

/* Begin PBXTargetDependency section */
		E8C22B692501912D00C8E677 /* PBXTargetDependency */ = {
			isa = PBXTargetDependency;
			target = E8C22B502501912B00C8E677 /* Flix App */;
			targetProxy = E8C22B682501912D00C8E677 /* PBXContainerItemProxy */;
		};
		E8C22B742501912D00C8E677 /* PBXTargetDependency */ = {
			isa = PBXTargetDependency;
			target = E8C22B502501912B00C8E677 /* Flix App */;
			targetProxy = E8C22B732501912D00C8E677 /* PBXContainerItemProxy */;
		};
/* End PBXTargetDependency section */

/* Begin PBXVariantGroup section */
		E8C22B5A2501912B00C8E677 /* Main.storyboard */ = {
			isa = PBXVariantGroup;
			children = (
				E8C22B5B2501912B00C8E677 /* Base */,
			);
			name = Main.storyboard;
			sourceTree = "<group>";
		};
		E8C22B5F2501912D00C8E677 /* LaunchScreen.storyboard */ = {
			isa = PBXVariantGroup;
			children = (
				E8C22B602501912D00C8E677 /* Base */,
			);
			name = LaunchScreen.storyboard;
			sourceTree = "<group>";
		};
/* End PBXVariantGroup section */

/* Begin XCBuildConfiguration section */
		E8C22B792501912D00C8E677 /* Debug */ = {
			isa = XCBuildConfiguration;
			buildSettings = {
				ALWAYS_SEARCH_USER_PATHS = NO;
				CLANG_ANALYZER_NONNULL = YES;
				CLANG_ANALYZER_NUMBER_OBJECT_CONVERSION = YES_AGGRESSIVE;
				CLANG_CXX_LANGUAGE_STANDARD = "gnu++14";
				CLANG_CXX_LIBRARY = "libc++";
				CLANG_ENABLE_MODULES = YES;
				CLANG_ENABLE_OBJC_ARC = YES;
				CLANG_ENABLE_OBJC_WEAK = YES;
				CLANG_WARN_BLOCK_CAPTURE_AUTORELEASING = YES;
				CLANG_WARN_BOOL_CONVERSION = YES;
				CLANG_WARN_COMMA = YES;
				CLANG_WARN_CONSTANT_CONVERSION = YES;
				CLANG_WARN_DEPRECATED_OBJC_IMPLEMENTATIONS = YES;
				CLANG_WARN_DIRECT_OBJC_ISA_USAGE = YES_ERROR;
				CLANG_WARN_DOCUMENTATION_COMMENTS = YES;
				CLANG_WARN_EMPTY_BODY = YES;
				CLANG_WARN_ENUM_CONVERSION = YES;
				CLANG_WARN_INFINITE_RECURSION = YES;
				CLANG_WARN_INT_CONVERSION = YES;
				CLANG_WARN_NON_LITERAL_NULL_CONVERSION = YES;
				CLANG_WARN_OBJC_IMPLICIT_RETAIN_SELF = YES;
				CLANG_WARN_OBJC_LITERAL_CONVERSION = YES;
				CLANG_WARN_OBJC_ROOT_CLASS = YES_ERROR;
				CLANG_WARN_RANGE_LOOP_ANALYSIS = YES;
				CLANG_WARN_STRICT_PROTOTYPES = YES;
				CLANG_WARN_SUSPICIOUS_MOVE = YES;
				CLANG_WARN_UNGUARDED_AVAILABILITY = YES_AGGRESSIVE;
				CLANG_WARN_UNREACHABLE_CODE = YES;
				CLANG_WARN__DUPLICATE_METHOD_MATCH = YES;
				COPY_PHASE_STRIP = NO;
				DEBUG_INFORMATION_FORMAT = dwarf;
				ENABLE_STRICT_OBJC_MSGSEND = YES;
				ENABLE_TESTABILITY = YES;
				GCC_C_LANGUAGE_STANDARD = gnu11;
				GCC_DYNAMIC_NO_PIC = NO;
				GCC_NO_COMMON_BLOCKS = YES;
				GCC_OPTIMIZATION_LEVEL = 0;
				GCC_PREPROCESSOR_DEFINITIONS = (
					"DEBUG=1",
					"$(inherited)",
				);
				GCC_WARN_64_TO_32_BIT_CONVERSION = YES;
				GCC_WARN_ABOUT_RETURN_TYPE = YES_ERROR;
				GCC_WARN_UNDECLARED_SELECTOR = YES;
				GCC_WARN_UNINITIALIZED_AUTOS = YES_AGGRESSIVE;
				GCC_WARN_UNUSED_FUNCTION = YES;
				GCC_WARN_UNUSED_VARIABLE = YES;
				IPHONEOS_DEPLOYMENT_TARGET = 13.5;
				MTL_ENABLE_DEBUG_INFO = INCLUDE_SOURCE;
				MTL_FAST_MATH = YES;
				ONLY_ACTIVE_ARCH = YES;
				SDKROOT = iphoneos;
				SWIFT_ACTIVE_COMPILATION_CONDITIONS = DEBUG;
				SWIFT_OPTIMIZATION_LEVEL = "-Onone";
			};
			name = Debug;
		};
		E8C22B7A2501912D00C8E677 /* Release */ = {
			isa = XCBuildConfiguration;
			buildSettings = {
				ALWAYS_SEARCH_USER_PATHS = NO;
				CLANG_ANALYZER_NONNULL = YES;
				CLANG_ANALYZER_NUMBER_OBJECT_CONVERSION = YES_AGGRESSIVE;
				CLANG_CXX_LANGUAGE_STANDARD = "gnu++14";
				CLANG_CXX_LIBRARY = "libc++";
				CLANG_ENABLE_MODULES = YES;
				CLANG_ENABLE_OBJC_ARC = YES;
				CLANG_ENABLE_OBJC_WEAK = YES;
				CLANG_WARN_BLOCK_CAPTURE_AUTORELEASING = YES;
				CLANG_WARN_BOOL_CONVERSION = YES;
				CLANG_WARN_COMMA = YES;
				CLANG_WARN_CONSTANT_CONVERSION = YES;
				CLANG_WARN_DEPRECATED_OBJC_IMPLEMENTATIONS = YES;
				CLANG_WARN_DIRECT_OBJC_ISA_USAGE = YES_ERROR;
				CLANG_WARN_DOCUMENTATION_COMMENTS = YES;
				CLANG_WARN_EMPTY_BODY = YES;
				CLANG_WARN_ENUM_CONVERSION = YES;
				CLANG_WARN_INFINITE_RECURSION = YES;
				CLANG_WARN_INT_CONVERSION = YES;
				CLANG_WARN_NON_LITERAL_NULL_CONVERSION = YES;
				CLANG_WARN_OBJC_IMPLICIT_RETAIN_SELF = YES;
				CLANG_WARN_OBJC_LITERAL_CONVERSION = YES;
				CLANG_WARN_OBJC_ROOT_CLASS = YES_ERROR;
				CLANG_WARN_RANGE_LOOP_ANALYSIS = YES;
				CLANG_WARN_STRICT_PROTOTYPES = YES;
				CLANG_WARN_SUSPICIOUS_MOVE = YES;
				CLANG_WARN_UNGUARDED_AVAILABILITY = YES_AGGRESSIVE;
				CLANG_WARN_UNREACHABLE_CODE = YES;
				CLANG_WARN__DUPLICATE_METHOD_MATCH = YES;
				COPY_PHASE_STRIP = NO;
				DEBUG_INFORMATION_FORMAT = "dwarf-with-dsym";
				ENABLE_NS_ASSERTIONS = NO;
				ENABLE_STRICT_OBJC_MSGSEND = YES;
				GCC_C_LANGUAGE_STANDARD = gnu11;
				GCC_NO_COMMON_BLOCKS = YES;
				GCC_WARN_64_TO_32_BIT_CONVERSION = YES;
				GCC_WARN_ABOUT_RETURN_TYPE = YES_ERROR;
				GCC_WARN_UNDECLARED_SELECTOR = YES;
				GCC_WARN_UNINITIALIZED_AUTOS = YES_AGGRESSIVE;
				GCC_WARN_UNUSED_FUNCTION = YES;
				GCC_WARN_UNUSED_VARIABLE = YES;
				IPHONEOS_DEPLOYMENT_TARGET = 13.5;
				MTL_ENABLE_DEBUG_INFO = NO;
				MTL_FAST_MATH = YES;
				SDKROOT = iphoneos;
				SWIFT_COMPILATION_MODE = wholemodule;
				SWIFT_OPTIMIZATION_LEVEL = "-O";
				VALIDATE_PRODUCT = YES;
			};
			name = Release;
		};
		E8C22B7C2501912D00C8E677 /* Debug */ = {
			isa = XCBuildConfiguration;
			baseConfigurationReference = 8F5BCD63D88B2E4C49938ED7 /* Pods-Flix App.debug.xcconfig */;
			buildSettings = {
				ASSETCATALOG_COMPILER_APPICON_NAME = AppIcon;
				CODE_SIGN_STYLE = Automatic;
				DEVELOPMENT_TEAM = XU2DDM3KNS;
				INFOPLIST_FILE = "Flix App/Info.plist";
				LD_RUNPATH_SEARCH_PATHS = (
					"$(inherited)",
					"@executable_path/Frameworks",
				);
				PRODUCT_BUNDLE_IDENTIFIER = "com.TA.Flix-App";
				PRODUCT_NAME = "$(TARGET_NAME)";
				SWIFT_VERSION = 5.0;
				TARGETED_DEVICE_FAMILY = "1,2";
			};
			name = Debug;
		};
		E8C22B7D2501912D00C8E677 /* Release */ = {
			isa = XCBuildConfiguration;
			baseConfigurationReference = 4FC51785C74776879891D5FE /* Pods-Flix App.release.xcconfig */;
			buildSettings = {
				ASSETCATALOG_COMPILER_APPICON_NAME = AppIcon;
				CODE_SIGN_STYLE = Automatic;
				DEVELOPMENT_TEAM = XU2DDM3KNS;
				INFOPLIST_FILE = "Flix App/Info.plist";
				LD_RUNPATH_SEARCH_PATHS = (
					"$(inherited)",
					"@executable_path/Frameworks",
				);
				PRODUCT_BUNDLE_IDENTIFIER = "com.TA.Flix-App";
				PRODUCT_NAME = "$(TARGET_NAME)";
				SWIFT_VERSION = 5.0;
				TARGETED_DEVICE_FAMILY = "1,2";
			};
			name = Release;
		};
		E8C22B7F2501912D00C8E677 /* Debug */ = {
			isa = XCBuildConfiguration;
			baseConfigurationReference = DF83263C56C50EBE8BF297DC /* Pods-Flix AppTests.debug.xcconfig */;
			buildSettings = {
				ALWAYS_EMBED_SWIFT_STANDARD_LIBRARIES = YES;
				BUNDLE_LOADER = "$(TEST_HOST)";
				CODE_SIGN_STYLE = Automatic;
				DEVELOPMENT_TEAM = XU2DDM3KNS;
				INFOPLIST_FILE = "Flix AppTests/Info.plist";
				IPHONEOS_DEPLOYMENT_TARGET = 13.5;
				LD_RUNPATH_SEARCH_PATHS = (
					"$(inherited)",
					"@executable_path/Frameworks",
					"@loader_path/Frameworks",
				);
				PRODUCT_BUNDLE_IDENTIFIER = "com.TA.Flix-AppTests";
				PRODUCT_NAME = "$(TARGET_NAME)";
				SWIFT_VERSION = 5.0;
				TARGETED_DEVICE_FAMILY = "1,2";
				TEST_HOST = "$(BUILT_PRODUCTS_DIR)/Flix App.app/Flix App";
			};
			name = Debug;
		};
		E8C22B802501912D00C8E677 /* Release */ = {
			isa = XCBuildConfiguration;
			baseConfigurationReference = A51D1D74096A6A932EBC3B79 /* Pods-Flix AppTests.release.xcconfig */;
			buildSettings = {
				ALWAYS_EMBED_SWIFT_STANDARD_LIBRARIES = YES;
				BUNDLE_LOADER = "$(TEST_HOST)";
				CODE_SIGN_STYLE = Automatic;
				DEVELOPMENT_TEAM = XU2DDM3KNS;
				INFOPLIST_FILE = "Flix AppTests/Info.plist";
				IPHONEOS_DEPLOYMENT_TARGET = 13.5;
				LD_RUNPATH_SEARCH_PATHS = (
					"$(inherited)",
					"@executable_path/Frameworks",
					"@loader_path/Frameworks",
				);
				PRODUCT_BUNDLE_IDENTIFIER = "com.TA.Flix-AppTests";
				PRODUCT_NAME = "$(TARGET_NAME)";
				SWIFT_VERSION = 5.0;
				TARGETED_DEVICE_FAMILY = "1,2";
				TEST_HOST = "$(BUILT_PRODUCTS_DIR)/Flix App.app/Flix App";
			};
			name = Release;
		};
		E8C22B822501912D00C8E677 /* Debug */ = {
			isa = XCBuildConfiguration;
			baseConfigurationReference = E075F58340785EE9700114E3 /* Pods-Flix App-Flix AppUITests.debug.xcconfig */;
			buildSettings = {
				ALWAYS_EMBED_SWIFT_STANDARD_LIBRARIES = YES;
				CODE_SIGN_STYLE = Automatic;
				DEVELOPMENT_TEAM = XU2DDM3KNS;
				INFOPLIST_FILE = "Flix AppUITests/Info.plist";
				LD_RUNPATH_SEARCH_PATHS = (
					"$(inherited)",
					"@executable_path/Frameworks",
					"@loader_path/Frameworks",
				);
				PRODUCT_BUNDLE_IDENTIFIER = "com.TA.Flix-AppUITests";
				PRODUCT_NAME = "$(TARGET_NAME)";
				SWIFT_VERSION = 5.0;
				TARGETED_DEVICE_FAMILY = "1,2";
				TEST_TARGET_NAME = "Flix App";
			};
			name = Debug;
		};
		E8C22B832501912D00C8E677 /* Release */ = {
			isa = XCBuildConfiguration;
			baseConfigurationReference = E461E5EB7D2F6C07B21EA0BF /* Pods-Flix App-Flix AppUITests.release.xcconfig */;
			buildSettings = {
				ALWAYS_EMBED_SWIFT_STANDARD_LIBRARIES = YES;
				CODE_SIGN_STYLE = Automatic;
				DEVELOPMENT_TEAM = XU2DDM3KNS;
				INFOPLIST_FILE = "Flix AppUITests/Info.plist";
				LD_RUNPATH_SEARCH_PATHS = (
					"$(inherited)",
					"@executable_path/Frameworks",
					"@loader_path/Frameworks",
				);
				PRODUCT_BUNDLE_IDENTIFIER = "com.TA.Flix-AppUITests";
				PRODUCT_NAME = "$(TARGET_NAME)";
				SWIFT_VERSION = 5.0;
				TARGETED_DEVICE_FAMILY = "1,2";
				TEST_TARGET_NAME = "Flix App";
			};
			name = Release;
		};
/* End XCBuildConfiguration section */

/* Begin XCConfigurationList section */
		E8C22B4C2501912B00C8E677 /* Build configuration list for PBXProject "Flix App" */ = {
			isa = XCConfigurationList;
			buildConfigurations = (
				E8C22B792501912D00C8E677 /* Debug */,
				E8C22B7A2501912D00C8E677 /* Release */,
			);
			defaultConfigurationIsVisible = 0;
			defaultConfigurationName = Release;
		};
		E8C22B7B2501912D00C8E677 /* Build configuration list for PBXNativeTarget "Flix App" */ = {
			isa = XCConfigurationList;
			buildConfigurations = (
				E8C22B7C2501912D00C8E677 /* Debug */,
				E8C22B7D2501912D00C8E677 /* Release */,
			);
			defaultConfigurationIsVisible = 0;
			defaultConfigurationName = Release;
		};
		E8C22B7E2501912D00C8E677 /* Build configuration list for PBXNativeTarget "Flix AppTests" */ = {
			isa = XCConfigurationList;
			buildConfigurations = (
				E8C22B7F2501912D00C8E677 /* Debug */,
				E8C22B802501912D00C8E677 /* Release */,
			);
			defaultConfigurationIsVisible = 0;
			defaultConfigurationName = Release;
		};
		E8C22B812501912D00C8E677 /* Build configuration list for PBXNativeTarget "Flix AppUITests" */ = {
			isa = XCConfigurationList;
			buildConfigurations = (
				E8C22B822501912D00C8E677 /* Debug */,
				E8C22B832501912D00C8E677 /* Release */,
			);
			defaultConfigurationIsVisible = 0;
			defaultConfigurationName = Release;
		};
/* End XCConfigurationList section */
	};
	rootObject = E8C22B492501912B00C8E677 /* Project object */;
}
